
Microsoft Visual Studio Solution File, Format Version 12.00
# Visual Studio 15
VisualStudioVersion = 15.0.27703.2047
MinimumVisualStudioVersion = 10.0.40219.1
Project("{FAE04EC0-301F-11D3-BF4B-00C04F79EFBC}") = "EJ1", "EJ1\EJ1.csproj", "{355E6C2F-223D-423A-ADC1-85DBC9E086AD}"
EndProject
Project("{FAE04EC0-301F-11D3-BF4B-00C04F79EFBC}") = "EJ2", "EJ2\EJ2.csproj", "{093F46FF-D12B-4690-BD89-7485089ED30C}"
EndProject
Project("{FAE04EC0-301F-11D3-BF4B-00C04F79EFBC}") = "EJ3", "EJ3\EJ3.csproj", "{8E94498B-AD37-4FB3-9DF3-1E7A932853E6}"
EndProject
Project("{FAE04EC0-301F-11D3-BF4B-00C04F79EFBC}") = "EJ4", "EJ4\EJ4.csproj", "{7E25DA69-0C85-4026-929E-9D1406749C90}"
EndProject
Project("{FAE04EC0-301F-11D3-BF4B-00C04F79EFBC}") = "EJ5", "EJ5\EJ5.csproj", "{777108AB-4719-4CD1-B3C7-078100C7F572}"
EndProject
Project("{FAE04EC0-301F-11D3-BF4B-00C04F79EFBC}") = "EJ6", "EJ6\EJ6.csproj", "{090BC9E5-1748-4DD9-B6FA-427C236840A4}"
EndProject
Project("{FAE04EC0-301F-11D3-BF4B-00C04F79EFBC}") = "EJ7", "EJ7\EJ7.csproj", "{6D19C9D5-6FA1-40F8-A359-DBCE1CD7381C}"
EndProject
Project("{FAE04EC0-301F-11D3-BF4B-00C04F79EFBC}") = "EJ8", "EJ8\EJ8.csproj", "{DA8D3270-9839-49EC-A05C-706735123615}"
EndProject
Project("{FAE04EC0-301F-11D3-BF4B-00C04F79EFBC}") = "EJ9", "EJ9\EJ9.csproj", "{B1BA35AD-FC01-47ED-A1AD-BFFF29CACB47}"
EndProject
Project("{FAE04EC0-301F-11D3-BF4B-00C04F79EFBC}") = "EJ10", "EJ10\EJ10.csproj", "{5479C1C7-D862-49B4-BC70-BE3A74917378}"
EndProject
Project("{FAE04EC0-301F-11D3-BF4B-00C04F79EFBC}") = "EJ11", "EJ11\EJ11.csproj", "{DB34331D-C0B8-409A-8CB4-53097CBC096C}"
EndProject
Project("{FAE04EC0-301F-11D3-BF4B-00C04F79EFBC}") = "EJ12", "EJ12\EJ12.csproj", "{C6FBC50B-ACA2-4ADE-B5FB-5FF2493AD86A}"
EndProject
Global
	GlobalSection(SolutionConfigurationPlatforms) = preSolution
		Debug|Any CPU = Debug|Any CPU
		Release|Any CPU = Release|Any CPU
	EndGlobalSection
	GlobalSection(ProjectConfigurationPlatforms) = postSolution
		{355E6C2F-223D-423A-ADC1-85DBC9E086AD}.Debug|Any CPU.ActiveCfg = Debug|Any CPU
		{355E6C2F-223D-423A-ADC1-85DBC9E086AD}.Debug|Any CPU.Build.0 = Debug|Any CPU
		{355E6C2F-223D-423A-ADC1-85DBC9E086AD}.Release|Any CPU.ActiveCfg = Release|Any CPU
		{355E6C2F-223D-423A-ADC1-85DBC9E086AD}.Release|Any CPU.Build.0 = Release|Any CPU
		{093F46FF-D12B-4690-BD89-7485089ED30C}.Debug|Any CPU.ActiveCfg = Debug|Any CPU
		{093F46FF-D12B-4690-BD89-7485089ED30C}.Debug|Any CPU.Build.0 = Debug|Any CPU
		{093F46FF-D12B-4690-BD89-7485089ED30C}.Release|Any CPU.ActiveCfg = Release|Any CPU
		{093F46FF-D12B-4690-BD89-7485089ED30C}.Release|Any CPU.Build.0 = Release|Any CPU
		{8E94498B-AD37-4FB3-9DF3-1E7A932853E6}.Debug|Any CPU.ActiveCfg = Debug|Any CPU
		{8E94498B-AD37-4FB3-9DF3-1E7A932853E6}.Debug|Any CPU.Build.0 = Debug|Any CPU
		{8E94498B-AD37-4FB3-9DF3-1E7A932853E6}.Release|Any CPU.ActiveCfg = Release|Any CPU
		{8E94498B-AD37-4FB3-9DF3-1E7A932853E6}.Release|Any CPU.Build.0 = Release|Any CPU
		{7E25DA69-0C85-4026-929E-9D1406749C90}.Debug|Any CPU.ActiveCfg = Debug|Any CPU
		{7E25DA69-0C85-4026-929E-9D1406749C90}.Debug|Any CPU.Build.0 = Debug|Any CPU
		{7E25DA69-0C85-4026-929E-9D1406749C90}.Release|Any CPU.ActiveCfg = Release|Any CPU
		{7E25DA69-0C85-4026-929E-9D1406749C90}.Release|Any CPU.Build.0 = Release|Any CPU
		{777108AB-4719-4CD1-B3C7-078100C7F572}.Debug|Any CPU.ActiveCfg = Debug|Any CPU
		{777108AB-4719-4CD1-B3C7-078100C7F572}.Debug|Any CPU.Build.0 = Debug|Any CPU
		{777108AB-4719-4CD1-B3C7-078100C7F572}.Release|Any CPU.ActiveCfg = Release|Any CPU
		{777108AB-4719-4CD1-B3C7-078100C7F572}.Release|Any CPU.Build.0 = Release|Any CPU
		{090BC9E5-1748-4DD9-B6FA-427C236840A4}.Debug|Any CPU.ActiveCfg = Debug|Any CPU
		{090BC9E5-1748-4DD9-B6FA-427C236840A4}.Debug|Any CPU.Build.0 = Debug|Any CPU
		{090BC9E5-1748-4DD9-B6FA-427C236840A4}.Release|Any CPU.ActiveCfg = Release|Any CPU
		{090BC9E5-1748-4DD9-B6FA-427C236840A4}.Release|Any CPU.Build.0 = Release|Any CPU
		{6D19C9D5-6FA1-40F8-A359-DBCE1CD7381C}.Debug|Any CPU.ActiveCfg = Debug|Any CPU
		{6D19C9D5-6FA1-40F8-A359-DBCE1CD7381C}.Debug|Any CPU.Build.0 = Debug|Any CPU
		{6D19C9D5-6FA1-40F8-A359-DBCE1CD7381C}.Release|Any CPU.ActiveCfg = Release|Any CPU
		{6D19C9D5-6FA1-40F8-A359-DBCE1CD7381C}.Release|Any CPU.Build.0 = Release|Any CPU
		{DA8D3270-9839-49EC-A05C-706735123615}.Debug|Any CPU.ActiveCfg = Debug|Any CPU
		{DA8D3270-9839-49EC-A05C-706735123615}.Debug|Any CPU.Build.0 = Debug|Any CPU
		{DA8D3270-9839-49EC-A05C-706735123615}.Release|Any CPU.ActiveCfg = Release|Any CPU
		{DA8D3270-9839-49EC-A05C-706735123615}.Release|Any CPU.Build.0 = Release|Any CPU
		{B1BA35AD-FC01-47ED-A1AD-BFFF29CACB47}.Debug|Any CPU.ActiveCfg = Debug|Any CPU
		{B1BA35AD-FC01-47ED-A1AD-BFFF29CACB47}.Debug|Any CPU.Build.0 = Debug|Any CPU
		{B1BA35AD-FC01-47ED-A1AD-BFFF29CACB47}.Release|Any CPU.ActiveCfg = Release|Any CPU
		{B1BA35AD-FC01-47ED-A1AD-BFFF29CACB47}.Release|Any CPU.Build.0 = Release|Any CPU
		{5479C1C7-D862-49B4-BC70-BE3A74917378}.Debug|Any CPU.ActiveCfg = Debug|Any CPU
		{5479C1C7-D862-49B4-BC70-BE3A74917378}.Debug|Any CPU.Build.0 = Debug|Any CPU
		{5479C1C7-D862-49B4-BC70-BE3A74917378}.Release|Any CPU.ActiveCfg = Release|Any CPU
		{5479C1C7-D862-49B4-BC70-BE3A74917378}.Release|Any CPU.Build.0 = Release|Any CPU
		{DB34331D-C0B8-409A-8CB4-53097CBC096C}.Debug|Any CPU.ActiveCfg = Debug|Any CPU
		{DB34331D-C0B8-409A-8CB4-53097CBC096C}.Debug|Any CPU.Build.0 = Debug|Any CPU
		{DB34331D-C0B8-409A-8CB4-53097CBC096C}.Release|Any CPU.ActiveCfg = Release|Any CPU
		{DB34331D-C0B8-409A-8CB4-53097CBC096C}.Release|Any CPU.Build.0 = Release|Any CPU
		{C6FBC50B-ACA2-4ADE-B5FB-5FF2493AD86A}.Debug|Any CPU.ActiveCfg = Debug|Any CPU
		{C6FBC50B-ACA2-4ADE-B5FB-5FF2493AD86A}.Debug|Any CPU.Build.0 = Debug|Any CPU
		{C6FBC50B-ACA2-4ADE-B5FB-5FF2493AD86A}.Release|Any CPU.ActiveCfg = Release|Any CPU
		{C6FBC50B-ACA2-4ADE-B5FB-5FF2493AD86A}.Release|Any CPU.Build.0 = Release|Any CPU
	EndGlobalSection
	GlobalSection(SolutionProperties) = preSolution
		HideSolutionNode = FALSE
	EndGlobalSection
	GlobalSection(ExtensibilityGlobals) = postSolution
		SolutionGuid = {E6C747E8-2EA0-4A6D-8576-EA0F521A2467}
	EndGlobalSection
EndGlobal
